// !$*UTF8*$!
{
	archiveVersion = 1;
	classes = {
	};
	objectVersion = 56;
	objects = {

/* Begin PBXBuildFile section */
		9433902729C380770065BF73 /* AppDelegate.swift in Sources */ = {isa = PBXBuildFile; fileRef = 9433902629C380770065BF73 /* AppDelegate.swift */; };
		9433902929C380770065BF73 /* ContentView.swift in Sources */ = {isa = PBXBuildFile; fileRef = 9433902829C380770065BF73 /* ContentView.swift */; };
		9433902B29C380770065BF73 /* Assets.xcassets in Resources */ = {isa = PBXBuildFile; fileRef = 9433902A29C380770065BF73 /* Assets.xcassets */; };
		9433902E29C380770065BF73 /* Preview Assets.xcassets in Resources */ = {isa = PBXBuildFile; fileRef = 9433902D29C380770065BF73 /* Preview Assets.xcassets */; };
		9433903029C380770065BF73 /* Persistence.swift in Sources */ = {isa = PBXBuildFile; fileRef = 9433902F29C380770065BF73 /* Persistence.swift */; };
		9433903329C380770065BF73 /* DynastyAnalyst.xcdatamodeld in Sources */ = {isa = PBXBuildFile; fileRef = 9433903129C380770065BF73 /* DynastyAnalyst.xcdatamodeld */; };
		9433903E29C381070065BF73 /* ComposableArchitecture in Frameworks */ = {isa = PBXBuildFile; productRef = 9433903D29C381070065BF73 /* ComposableArchitecture */; };
		949FB35829C7C49800CE53AD /* Helpers in Frameworks */ = {isa = PBXBuildFile; productRef = 949FB35729C7C49800CE53AD /* Helpers */; };
		949FB35A29C7C49800CE53AD /* Home in Frameworks */ = {isa = PBXBuildFile; productRef = 949FB35929C7C49800CE53AD /* Home */; };
		949FB35C29C7C49800CE53AD /* Models in Frameworks */ = {isa = PBXBuildFile; productRef = 949FB35B29C7C49800CE53AD /* Models */; };
		949FB35E29C7C49800CE53AD /* NetworkClient in Frameworks */ = {isa = PBXBuildFile; productRef = 949FB35D29C7C49800CE53AD /* NetworkClient */; };
		949FB36029C7C49800CE53AD /* RealmConfiguration in Frameworks */ = {isa = PBXBuildFile; productRef = 949FB35F29C7C49800CE53AD /* RealmConfiguration */; };
		949FB36229C7C49800CE53AD /* SwiftUIExtensions in Frameworks */ = {isa = PBXBuildFile; productRef = 949FB36129C7C49800CE53AD /* SwiftUIExtensions */; };
		949FB36429C7C49800CE53AD /* TCAExtensions in Frameworks */ = {isa = PBXBuildFile; productRef = 949FB36329C7C49800CE53AD /* TCAExtensions */; };
/* End PBXBuildFile section */

/* Begin PBXFileReference section */
		9433902329C380770065BF73 /* DynastyAnalyst.app */ = {isa = PBXFileReference; explicitFileType = wrapper.application; includeInIndex = 0; path = DynastyAnalyst.app; sourceTree = BUILT_PRODUCTS_DIR; };
		9433902629C380770065BF73 /* AppDelegate.swift */ = {isa = PBXFileReference; lastKnownFileType = sourcecode.swift; path = AppDelegate.swift; sourceTree = "<group>"; };
		9433902829C380770065BF73 /* ContentView.swift */ = {isa = PBXFileReference; lastKnownFileType = sourcecode.swift; path = ContentView.swift; sourceTree = "<group>"; };
		9433902A29C380770065BF73 /* Assets.xcassets */ = {isa = PBXFileReference; lastKnownFileType = folder.assetcatalog; path = Assets.xcassets; sourceTree = "<group>"; };
		9433902D29C380770065BF73 /* Preview Assets.xcassets */ = {isa = PBXFileReference; lastKnownFileType = folder.assetcatalog; path = "Preview Assets.xcassets"; sourceTree = "<group>"; };
		9433902F29C380770065BF73 /* Persistence.swift */ = {isa = PBXFileReference; lastKnownFileType = sourcecode.swift; path = Persistence.swift; sourceTree = "<group>"; };
		9433903229C380770065BF73 /* DynastyAnalyst.xcdatamodel */ = {isa = PBXFileReference; lastKnownFileType = wrapper.xcdatamodel; path = DynastyAnalyst.xcdatamodel; sourceTree = "<group>"; };
		9433903429C380770065BF73 /* Info.plist */ = {isa = PBXFileReference; lastKnownFileType = text.plist.xml; path = Info.plist; sourceTree = "<group>"; };
		949FB35629C5114800CE53AD /* DynastyAnalyst.entitlements */ = {isa = PBXFileReference; lastKnownFileType = text.plist.entitlements; path = DynastyAnalyst.entitlements; sourceTree = "<group>"; };
/* End PBXFileReference section */

/* Begin PBXFrameworksBuildPhase section */
		9433902029C380770065BF73 /* Frameworks */ = {
			isa = PBXFrameworksBuildPhase;
			buildActionMask = 2147483647;
			files = (
				949FB35829C7C49800CE53AD /* Helpers in Frameworks */,
				9433903E29C381070065BF73 /* ComposableArchitecture in Frameworks */,
				949FB36229C7C49800CE53AD /* SwiftUIExtensions in Frameworks */,
				949FB35C29C7C49800CE53AD /* Models in Frameworks */,
				949FB35E29C7C49800CE53AD /* NetworkClient in Frameworks */,
				949FB36429C7C49800CE53AD /* TCAExtensions in Frameworks */,
				949FB35A29C7C49800CE53AD /* Home in Frameworks */,
				949FB36029C7C49800CE53AD /* RealmConfiguration in Frameworks */,
			);
			runOnlyForDeploymentPostprocessing = 0;
		};
/* End PBXFrameworksBuildPhase section */

/* Begin PBXGroup section */
		9433901A29C380770065BF73 = {
			isa = PBXGroup;
			children = (
				9433902529C380770065BF73 /* DynastyAnalyst */,
				9433902429C380770065BF73 /* Products */,
				9433904429C3C7880065BF73 /* Frameworks */,
			);
			sourceTree = "<group>";
		};
		9433902429C380770065BF73 /* Products */ = {
			isa = PBXGroup;
			children = (
				9433902329C380770065BF73 /* DynastyAnalyst.app */,
			);
			name = Products;
			sourceTree = "<group>";
		};
		9433902529C380770065BF73 /* DynastyAnalyst */ = {
			isa = PBXGroup;
			children = (
				949FB35629C5114800CE53AD /* DynastyAnalyst.entitlements */,
				9433902629C380770065BF73 /* AppDelegate.swift */,
				9433902829C380770065BF73 /* ContentView.swift */,
				9433902A29C380770065BF73 /* Assets.xcassets */,
				9433902F29C380770065BF73 /* Persistence.swift */,
				9433903429C380770065BF73 /* Info.plist */,
				9433903129C380770065BF73 /* DynastyAnalyst.xcdatamodeld */,
				9433902C29C380770065BF73 /* Preview Content */,
			);
			path = DynastyAnalyst;
			sourceTree = "<group>";
		};
		9433902C29C380770065BF73 /* Preview Content */ = {
			isa = PBXGroup;
			children = (
				9433902D29C380770065BF73 /* Preview Assets.xcassets */,
			);
			path = "Preview Content";
			sourceTree = "<group>";
		};
		9433904429C3C7880065BF73 /* Frameworks */ = {
			isa = PBXGroup;
			children = (
			);
			name = Frameworks;
			sourceTree = "<group>";
		};
/* End PBXGroup section */

/* Begin PBXNativeTarget section */
		9433902229C380770065BF73 /* DynastyAnalyst */ = {
			isa = PBXNativeTarget;
			buildConfigurationList = 9433903729C380770065BF73 /* Build configuration list for PBXNativeTarget "DynastyAnalyst" */;
			buildPhases = (
				9433901F29C380770065BF73 /* Sources */,
				9433902029C380770065BF73 /* Frameworks */,
				9433902129C380770065BF73 /* Resources */,
			);
			buildRules = (
			);
			dependencies = (
			);
			name = DynastyAnalyst;
			packageProductDependencies = (
				9433903D29C381070065BF73 /* ComposableArchitecture */,
				949FB35729C7C49800CE53AD /* Helpers */,
				949FB35929C7C49800CE53AD /* Home */,
				949FB35B29C7C49800CE53AD /* Models */,
				949FB35D29C7C49800CE53AD /* NetworkClient */,
				949FB35F29C7C49800CE53AD /* RealmConfiguration */,
				949FB36129C7C49800CE53AD /* SwiftUIExtensions */,
				949FB36329C7C49800CE53AD /* TCAExtensions */,
			);
			productName = DynastyAnalyst;
			productReference = 9433902329C380770065BF73 /* DynastyAnalyst.app */;
			productType = "com.apple.product-type.application";
		};
/* End PBXNativeTarget section */

/* Begin PBXProject section */
		9433901B29C380770065BF73 /* Project object */ = {
			isa = PBXProject;
			attributes = {
				BuildIndependentTargetsInParallel = 1;
				LastSwiftUpdateCheck = 1420;
				LastUpgradeCheck = 1420;
				TargetAttributes = {
					9433902229C380770065BF73 = {
						CreatedOnToolsVersion = 14.2;
					};
				};
			};
			buildConfigurationList = 9433901E29C380770065BF73 /* Build configuration list for PBXProject "DynastyAnalyst" */;
			compatibilityVersion = "Xcode 14.0";
			developmentRegion = en;
			hasScannedForEncodings = 0;
			knownRegions = (
				en,
				Base,
			);
			mainGroup = 9433901A29C380770065BF73;
			packageReferences = (
				9433903C29C381070065BF73 /* XCRemoteSwiftPackageReference "swift-composable-architecture" */,
			);
			productRefGroup = 9433902429C380770065BF73 /* Products */;
			projectDirPath = "";
			projectRoot = "";
			targets = (
				9433902229C380770065BF73 /* DynastyAnalyst */,
			);
		};
/* End PBXProject section */

/* Begin PBXResourcesBuildPhase section */
		9433902129C380770065BF73 /* Resources */ = {
			isa = PBXResourcesBuildPhase;
			buildActionMask = 2147483647;
			files = (
				9433902E29C380770065BF73 /* Preview Assets.xcassets in Resources */,
				9433902B29C380770065BF73 /* Assets.xcassets in Resources */,
			);
			runOnlyForDeploymentPostprocessing = 0;
		};
/* End PBXResourcesBuildPhase section */

/* Begin PBXSourcesBuildPhase section */
		9433901F29C380770065BF73 /* Sources */ = {
			isa = PBXSourcesBuildPhase;
			buildActionMask = 2147483647;
			files = (
				9433903029C380770065BF73 /* Persistence.swift in Sources */,
				9433902929C380770065BF73 /* ContentView.swift in Sources */,
				9433902729C380770065BF73 /* AppDelegate.swift in Sources */,
				9433903329C380770065BF73 /* DynastyAnalyst.xcdatamodeld in Sources */,
			);
			runOnlyForDeploymentPostprocessing = 0;
		};
/* End PBXSourcesBuildPhase section */

/* Begin XCBuildConfiguration section */
		9433903529C380770065BF73 /* Debug */ = {
			isa = XCBuildConfiguration;
			buildSettings = {
				ALWAYS_SEARCH_USER_PATHS = NO;
				CLANG_ANALYZER_NONNULL = YES;
				CLANG_ANALYZER_NUMBER_OBJECT_CONVERSION = YES_AGGRESSIVE;
				CLANG_CXX_LANGUAGE_STANDARD = "gnu++20";
				CLANG_ENABLE_MODULES = YES;
				CLANG_ENABLE_OBJC_ARC = YES;
				CLANG_ENABLE_OBJC_WEAK = YES;
				CLANG_WARN_BLOCK_CAPTURE_AUTORELEASING = YES;
				CLANG_WARN_BOOL_CONVERSION = YES;
				CLANG_WARN_COMMA = YES;
				CLANG_WARN_CONSTANT_CONVERSION = YES;
				CLANG_WARN_DEPRECATED_OBJC_IMPLEMENTATIONS = YES;
				CLANG_WARN_DIRECT_OBJC_ISA_USAGE = YES_ERROR;
				CLANG_WARN_DOCUMENTATION_COMMENTS = YES;
				CLANG_WARN_EMPTY_BODY = YES;
				CLANG_WARN_ENUM_CONVERSION = YES;
				CLANG_WARN_INFINITE_RECURSION = YES;
				CLANG_WARN_INT_CONVERSION = YES;
				CLANG_WARN_NON_LITERAL_NULL_CONVERSION = YES;
				CLANG_WARN_OBJC_IMPLICIT_RETAIN_SELF = YES;
				CLANG_WARN_OBJC_LITERAL_CONVERSION = YES;
				CLANG_WARN_OBJC_ROOT_CLASS = YES_ERROR;
				CLANG_WARN_QUOTED_INCLUDE_IN_FRAMEWORK_HEADER = YES;
				CLANG_WARN_RANGE_LOOP_ANALYSIS = YES;
				CLANG_WARN_STRICT_PROTOTYPES = YES;
				CLANG_WARN_SUSPICIOUS_MOVE = YES;
				CLANG_WARN_UNGUARDED_AVAILABILITY = YES_AGGRESSIVE;
				CLANG_WARN_UNREACHABLE_CODE = YES;
				CLANG_WARN__DUPLICATE_METHOD_MATCH = YES;
				COPY_PHASE_STRIP = NO;
				DEBUG_INFORMATION_FORMAT = dwarf;
				ENABLE_STRICT_OBJC_MSGSEND = YES;
				ENABLE_TESTABILITY = YES;
				GCC_C_LANGUAGE_STANDARD = gnu11;
				GCC_DYNAMIC_NO_PIC = NO;
				GCC_NO_COMMON_BLOCKS = YES;
				GCC_OPTIMIZATION_LEVEL = 0;
				GCC_PREPROCESSOR_DEFINITIONS = (
					"DEBUG=1",
					"$(inherited)",
				);
				GCC_WARN_64_TO_32_BIT_CONVERSION = YES;
				GCC_WARN_ABOUT_RETURN_TYPE = YES_ERROR;
				GCC_WARN_UNDECLARED_SELECTOR = YES;
				GCC_WARN_UNINITIALIZED_AUTOS = YES_AGGRESSIVE;
				GCC_WARN_UNUSED_FUNCTION = YES;
				GCC_WARN_UNUSED_VARIABLE = YES;
				IPHONEOS_DEPLOYMENT_TARGET = 16.2;
				MTL_ENABLE_DEBUG_INFO = INCLUDE_SOURCE;
				MTL_FAST_MATH = YES;
				ONLY_ACTIVE_ARCH = YES;
				SDKROOT = iphoneos;
				SWIFT_ACTIVE_COMPILATION_CONDITIONS = DEBUG;
				SWIFT_OPTIMIZATION_LEVEL = "-Onone";
			};
			name = Debug;
		};
		9433903629C380770065BF73 /* Release */ = {
			isa = XCBuildConfiguration;
			buildSettings = {
				ALWAYS_SEARCH_USER_PATHS = NO;
				CLANG_ANALYZER_NONNULL = YES;
				CLANG_ANALYZER_NUMBER_OBJECT_CONVERSION = YES_AGGRESSIVE;
				CLANG_CXX_LANGUAGE_STANDARD = "gnu++20";
				CLANG_ENABLE_MODULES = YES;
				CLANG_ENABLE_OBJC_ARC = YES;
				CLANG_ENABLE_OBJC_WEAK = YES;
				CLANG_WARN_BLOCK_CAPTURE_AUTORELEASING = YES;
				CLANG_WARN_BOOL_CONVERSION = YES;
				CLANG_WARN_COMMA = YES;
				CLANG_WARN_CONSTANT_CONVERSION = YES;
				CLANG_WARN_DEPRECATED_OBJC_IMPLEMENTATIONS = YES;
				CLANG_WARN_DIRECT_OBJC_ISA_USAGE = YES_ERROR;
				CLANG_WARN_DOCUMENTATION_COMMENTS = YES;
				CLANG_WARN_EMPTY_BODY = YES;
				CLANG_WARN_ENUM_CONVERSION = YES;
				CLANG_WARN_INFINITE_RECURSION = YES;
				CLANG_WARN_INT_CONVERSION = YES;
				CLANG_WARN_NON_LITERAL_NULL_CONVERSION = YES;
				CLANG_WARN_OBJC_IMPLICIT_RETAIN_SELF = YES;
				CLANG_WARN_OBJC_LITERAL_CONVERSION = YES;
				CLANG_WARN_OBJC_ROOT_CLASS = YES_ERROR;
				CLANG_WARN_QUOTED_INCLUDE_IN_FRAMEWORK_HEADER = YES;
				CLANG_WARN_RANGE_LOOP_ANALYSIS = YES;
				CLANG_WARN_STRICT_PROTOTYPES = YES;
				CLANG_WARN_SUSPICIOUS_MOVE = YES;
				CLANG_WARN_UNGUARDED_AVAILABILITY = YES_AGGRESSIVE;
				CLANG_WARN_UNREACHABLE_CODE = YES;
				CLANG_WARN__DUPLICATE_METHOD_MATCH = YES;
				COPY_PHASE_STRIP = NO;
				DEBUG_INFORMATION_FORMAT = "dwarf-with-dsym";
				ENABLE_NS_ASSERTIONS = NO;
				ENABLE_STRICT_OBJC_MSGSEND = YES;
				GCC_C_LANGUAGE_STANDARD = gnu11;
				GCC_NO_COMMON_BLOCKS = YES;
				GCC_WARN_64_TO_32_BIT_CONVERSION = YES;
				GCC_WARN_ABOUT_RETURN_TYPE = YES_ERROR;
				GCC_WARN_UNDECLARED_SELECTOR = YES;
				GCC_WARN_UNINITIALIZED_AUTOS = YES_AGGRESSIVE;
				GCC_WARN_UNUSED_FUNCTION = YES;
				GCC_WARN_UNUSED_VARIABLE = YES;
				IPHONEOS_DEPLOYMENT_TARGET = 16.2;
				MTL_ENABLE_DEBUG_INFO = NO;
				MTL_FAST_MATH = YES;
				SDKROOT = iphoneos;
				SWIFT_COMPILATION_MODE = wholemodule;
				SWIFT_OPTIMIZATION_LEVEL = "-O";
				VALIDATE_PRODUCT = YES;
			};
			name = Release;
		};
		9433903829C380770065BF73 /* Debug */ = {
			isa = XCBuildConfiguration;
			buildSettings = {
				ASSETCATALOG_COMPILER_APPICON_NAME = AppIcon;
				ASSETCATALOG_COMPILER_GLOBAL_ACCENT_COLOR_NAME = AccentColor;
				CODE_SIGN_ENTITLEMENTS = DynastyAnalyst/DynastyAnalyst.entitlements;
				CODE_SIGN_IDENTITY = "Apple Development";
				"CODE_SIGN_IDENTITY[sdk=iphoneos*]" = "iPhone Developer";
				CODE_SIGN_STYLE = Manual;
				CURRENT_PROJECT_VERSION = 1;
				DEVELOPMENT_ASSET_PATHS = "\"DynastyAnalyst/Preview Content\"";
				DEVELOPMENT_TEAM = "";
				"DEVELOPMENT_TEAM[sdk=iphoneos*]" = 26Z2JJL222;
				ENABLE_PREVIEWS = YES;
				GENERATE_INFOPLIST_FILE = YES;
				INFOPLIST_FILE = DynastyAnalyst/Info.plist;
				INFOPLIST_KEY_LSApplicationCategoryType = "";
				INFOPLIST_KEY_UIApplicationSupportsIndirectInputEvents = YES;
				INFOPLIST_KEY_UILaunchScreen_Generation = YES;
				INFOPLIST_KEY_UISupportedInterfaceOrientations_iPad = "UIInterfaceOrientationPortrait UIInterfaceOrientationPortraitUpsideDown UIInterfaceOrientationLandscapeLeft UIInterfaceOrientationLandscapeRight";
				INFOPLIST_KEY_UISupportedInterfaceOrientations_iPhone = "UIInterfaceOrientationPortrait UIInterfaceOrientationLandscapeLeft UIInterfaceOrientationLandscapeRight";
				LD_RUNPATH_SEARCH_PATHS = (
					"$(inherited)",
					"@executable_path/Frameworks",
				);
				MARKETING_VERSION = 1.0;
				PRODUCT_BUNDLE_IDENTIFIER = com.devadamf.DAnalyst;
				PRODUCT_NAME = "$(TARGET_NAME)";
				PROVISIONING_PROFILE_SPECIFIER = "";
				"PROVISIONING_PROFILE_SPECIFIER[sdk=iphoneos*]" = DynastyAnalystDevelopment;
				SWIFT_EMIT_LOC_STRINGS = YES;
				SWIFT_VERSION = 5.0;
				TARGETED_DEVICE_FAMILY = "1,2";
			};
			name = Debug;
		};
		9433903929C380770065BF73 /* Release */ = {
			isa = XCBuildConfiguration;
			buildSettings = {
				ASSETCATALOG_COMPILER_APPICON_NAME = AppIcon;
				ASSETCATALOG_COMPILER_GLOBAL_ACCENT_COLOR_NAME = AccentColor;
				CODE_SIGN_ENTITLEMENTS = DynastyAnalyst/DynastyAnalyst.entitlements;
				CODE_SIGN_IDENTITY = "Apple Development";
				"CODE_SIGN_IDENTITY[sdk=iphoneos*]" = "iPhone Developer";
				CODE_SIGN_STYLE = Manual;
				CURRENT_PROJECT_VERSION = 1;
				DEVELOPMENT_ASSET_PATHS = "\"DynastyAnalyst/Preview Content\"";
				DEVELOPMENT_TEAM = "";
				"DEVELOPMENT_TEAM[sdk=iphoneos*]" = 26Z2JJL222;
				ENABLE_PREVIEWS = YES;
				GENERATE_INFOPLIST_FILE = YES;
				INFOPLIST_FILE = DynastyAnalyst/Info.plist;
				INFOPLIST_KEY_LSApplicationCategoryType = "";
				INFOPLIST_KEY_UIApplicationSupportsIndirectInputEvents = YES;
				INFOPLIST_KEY_UILaunchScreen_Generation = YES;
				INFOPLIST_KEY_UISupportedInterfaceOrientations_iPad = "UIInterfaceOrientationPortrait UIInterfaceOrientationPortraitUpsideDown UIInterfaceOrientationLandscapeLeft UIInterfaceOrientationLandscapeRight";
				INFOPLIST_KEY_UISupportedInterfaceOrientations_iPhone = "UIInterfaceOrientationPortrait UIInterfaceOrientationLandscapeLeft UIInterfaceOrientationLandscapeRight";
				LD_RUNPATH_SEARCH_PATHS = (
					"$(inherited)",
					"@executable_path/Frameworks",
				);
				MARKETING_VERSION = 1.0;
				PRODUCT_BUNDLE_IDENTIFIER = com.devadamf.DAnalyst;
				PRODUCT_NAME = "$(TARGET_NAME)";
				PROVISIONING_PROFILE_SPECIFIER = "";
				"PROVISIONING_PROFILE_SPECIFIER[sdk=iphoneos*]" = DynastyAnalystDevelopment;
				SWIFT_EMIT_LOC_STRINGS = YES;
				SWIFT_VERSION = 5.0;
				TARGETED_DEVICE_FAMILY = "1,2";
			};
			name = Release;
		};
/* End XCBuildConfiguration section */

/* Begin XCConfigurationList section */
		9433901E29C380770065BF73 /* Build configuration list for PBXProject "DynastyAnalyst" */ = {
			isa = XCConfigurationList;
			buildConfigurations = (
				9433903529C380770065BF73 /* Debug */,
				9433903629C380770065BF73 /* Release */,
			);
			defaultConfigurationIsVisible = 0;
			defaultConfigurationName = Release;
		};
		9433903729C380770065BF73 /* Build configuration list for PBXNativeTarget "DynastyAnalyst" */ = {
			isa = XCConfigurationList;
			buildConfigurations = (
				9433903829C380770065BF73 /* Debug */,
				9433903929C380770065BF73 /* Release */,
			);
			defaultConfigurationIsVisible = 0;
			defaultConfigurationName = Release;
		};
/* End XCConfigurationList section */

/* Begin XCRemoteSwiftPackageReference section */
		9433903C29C381070065BF73 /* XCRemoteSwiftPackageReference "swift-composable-architecture" */ = {
			isa = XCRemoteSwiftPackageReference;
			repositoryURL = "https://github.com/pointfreeco/swift-composable-architecture";
			requirement = {
				branch = main;
				kind = branch;
			};
		};
/* End XCRemoteSwiftPackageReference section */

/* Begin XCSwiftPackageProductDependency section */
		9433903D29C381070065BF73 /* ComposableArchitecture */ = {
			isa = XCSwiftPackageProductDependency;
			package = 9433903C29C381070065BF73 /* XCRemoteSwiftPackageReference "swift-composable-architecture" */;
			productName = ComposableArchitecture;
		};
		949FB35729C7C49800CE53AD /* Helpers */ = {
			isa = XCSwiftPackageProductDependency;
			productName = Helpers;
		};
		949FB35929C7C49800CE53AD /* Home */ = {
			isa = XCSwiftPackageProductDependency;
			productName = Home;
		};
		949FB35B29C7C49800CE53AD /* Models */ = {
			isa = XCSwiftPackageProductDependency;
			productName = Models;
		};
		949FB35D29C7C49800CE53AD /* NetworkClient */ = {
			isa = XCSwiftPackageProductDependency;
			productName = NetworkClient;
		};
		949FB35F29C7C49800CE53AD /* RealmConfiguration */ = {
			isa = XCSwiftPackageProductDependency;
			productName = RealmConfiguration;
		};
		949FB36129C7C49800CE53AD /* SwiftUIExtensions */ = {
			isa = XCSwiftPackageProductDependency;
			productName = SwiftUIExtensions;
		};
		949FB36329C7C49800CE53AD /* TCAExtensions */ = {
			isa = XCSwiftPackageProductDependency;
			productName = TCAExtensions;
		};
/* End XCSwiftPackageProductDependency section */

/* Begin XCVersionGroup section */
		9433903129C380770065BF73 /* DynastyAnalyst.xcdatamodeld */ = {
			isa = XCVersionGroup;
			children = (
				9433903229C380770065BF73 /* DynastyAnalyst.xcdatamodel */,
			);
			currentVersion = 9433903229C380770065BF73 /* DynastyAnalyst.xcdatamodel */;
			path = DynastyAnalyst.xcdatamodeld;
			sourceTree = "<group>";
			versionGroupType = wrapper.xcdatamodel;
		};
/* End XCVersionGroup section */
	};
	rootObject = 9433901B29C380770065BF73 /* Project object */;
}
